
Microsoft Visual Studio Solution File, Format Version 11.00
# Visual Studio 2010
Project("{FAE04EC0-301F-11D3-BF4B-00C04F79EFBC}") = "Assembly-CSharp", "Assembly-CSharp.csproj", "{156D25DA-9330-4CE9-2FD4-D5BDC0B3E83E}"
EndProject
Project("{FAE04EC0-301F-11D3-BF4B-00C04F79EFBC}") = "Assembly-CSharp-firstpass", "Assembly-CSharp-firstpass.csproj", "{FD06CBDA-B86B-4358-3608-CB145CA3FDD5}"
EndProject
Project("{FAE04EC0-301F-11D3-BF4B-00C04F79EFBC}") = "Assembly-CSharp-Editor", "Assembly-CSharp-Editor.csproj", "{5D7754D8-BCE3-F039-D024-BFE996425257}"
EndProject
Project("{FAE04EC0-301F-11D3-BF4B-00C04F79EFBC}") = "Assembly-CSharp-Editor-firstpass", "Assembly-CSharp-Editor-firstpass.csproj", "{46B3607A-CC7A-97FA-EF55-33C4F5E47E91}"
EndProject
Global
	GlobalSection(SolutionConfigurationPlatforms) = preSolution
		Debug|Any CPU = Debug|Any CPU
		Release|Any CPU = Release|Any CPU
	EndGlobalSection
	GlobalSection(ProjectConfigurationPlatforms) = postSolution
		{156D25DA-9330-4CE9-2FD4-D5BDC0B3E83E}.Debug|Any CPU.ActiveCfg = Debug|Any CPU
		{156D25DA-9330-4CE9-2FD4-D5BDC0B3E83E}.Debug|Any CPU.Build.0 = Debug|Any CPU
		{156D25DA-9330-4CE9-2FD4-D5BDC0B3E83E}.Release|Any CPU.ActiveCfg = Release|Any CPU
		{156D25DA-9330-4CE9-2FD4-D5BDC0B3E83E}.Release|Any CPU.Build.0 = Release|Any CPU
		{FD06CBDA-B86B-4358-3608-CB145CA3FDD5}.Debug|Any CPU.ActiveCfg = Debug|Any CPU
		{FD06CBDA-B86B-4358-3608-CB145CA3FDD5}.Debug|Any CPU.Build.0 = Debug|Any CPU
		{FD06CBDA-B86B-4358-3608-CB145CA3FDD5}.Release|Any CPU.ActiveCfg = Release|Any CPU
		{FD06CBDA-B86B-4358-3608-CB145CA3FDD5}.Release|Any CPU.Build.0 = Release|Any CPU
		{5D7754D8-BCE3-F039-D024-BFE996425257}.Debug|Any CPU.ActiveCfg = Debug|Any CPU
		{5D7754D8-BCE3-F039-D024-BFE996425257}.Debug|Any CPU.Build.0 = Debug|Any CPU
		{5D7754D8-BCE3-F039-D024-BFE996425257}.Release|Any CPU.ActiveCfg = Release|Any CPU
		{5D7754D8-BCE3-F039-D024-BFE996425257}.Release|Any CPU.Build.0 = Release|Any CPU
		{46B3607A-CC7A-97FA-EF55-33C4F5E47E91}.Debug|Any CPU.ActiveCfg = Debug|Any CPU
		{46B3607A-CC7A-97FA-EF55-33C4F5E47E91}.Debug|Any CPU.Build.0 = Debug|Any CPU
		{46B3607A-CC7A-97FA-EF55-33C4F5E47E91}.Release|Any CPU.ActiveCfg = Release|Any CPU
		{46B3607A-CC7A-97FA-EF55-33C4F5E47E91}.Release|Any CPU.Build.0 = Release|Any CPU
	EndGlobalSection
	GlobalSection(SolutionProperties) = preSolution
		HideSolutionNode = FALSE
	EndGlobalSection
	GlobalSection(MonoDevelopProperties) = preSolution
		StartupItem = Assembly-CSharp.csproj
	EndGlobalSection
EndGlobal
